<Solution>
  <Folder Name="/src/">
    <Project Path="src/DocumentDb.Bson/DocumentDb.Bson.csproj" />
    <Project Path="src/DocumentDb.Core/DocumentDb.Core.csproj" />
    <Project Path="src/DocumentDb.Debug/DocumentDb.Debug.csproj" />
    <Project Path="src/DocumentDb.Generators/DocumentDb.Generators.csproj" />
  </Folder>
  <Folder Name="/tests/">
    <Project Path="tests/DocumentDb.Tests/DocumentDb.Tests.csproj" />
  </Folder>
</Solution>
